Microsoft Visual Studio Solution File, Format Version 12.00
# Visual Studio Version 17
VisualStudioVersion = 17.5.2.0
MinimumVisualStudioVersion = 10.0.40219.1
Project("{FAE04EC0-301F-11D3-BF4B-00C04F79EFBC}") = "wmo_assetPatcher", "wmo_assetPatcher.csproj", "{9E295E0D-EC08-678C-BB61-DB34622265E3}"
EndProject
Global
	GlobalSection(SolutionConfigurationPlatforms) = preSolution
		Debug|Any CPU = Debug|Any CPU
		Release|Any CPU = Release|Any CPU
	EndGlobalSection
	GlobalSection(ProjectConfigurationPlatforms) = postSolution
		{9E295E0D-EC08-678C-BB61-DB34622265E3}.Debug|Any CPU.ActiveCfg = Debug|Any CPU
		{9E295E0D-EC08-678C-BB61-DB34622265E3}.Debug|Any CPU.Build.0 = Debug|Any CPU
		{9E295E0D-EC08-678C-BB61-DB34622265E3}.Release|Any CPU.ActiveCfg = Release|Any CPU
		{9E295E0D-EC08-678C-BB61-DB34622265E3}.Release|Any CPU.Build.0 = Release|Any CPU
	EndGlobalSection
	GlobalSection(SolutionProperties) = preSolution
		HideSolutionNode = FALSE
	EndGlobalSection
	GlobalSection(ExtensibilityGlobals) = postSolution
		SolutionGuid = {DF524634-D4F6-4A4B-82A5-75BA2A88A4A5}
	EndGlobalSection
EndGlobal
